// !$*UTF8*$!
{
	archiveVersion = 1;
	classes = {
	};
	objectVersion = 46;
	objects = {

/* Begin PBXBuildFile section */
		222D4D361F22F14C52311392 /* libPods-Wall-E.a in Frameworks */ = {isa = PBXBuildFile; fileRef = 0DAF1B7B0418F00F4B1A4E6D /* libPods-Wall-E.a */; };
		67AD6FFA1F016089007D029D /* AppDelegate.swift in Sources */ = {isa = PBXBuildFile; fileRef = 67AD6FF91F016089007D029D /* AppDelegate.swift */; };
		67AD6FFC1F016089007D029D /* ViewController.swift in Sources */ = {isa = PBXBuildFile; fileRef = 67AD6FFB1F016089007D029D /* ViewController.swift */; };
		67AD6FFF1F016089007D029D /* Main.storyboard in Resources */ = {isa = PBXBuildFile; fileRef = 67AD6FFD1F016089007D029D /* Main.storyboard */; };
		67AD70011F016089007D029D /* Assets.xcassets in Resources */ = {isa = PBXBuildFile; fileRef = 67AD70001F016089007D029D /* Assets.xcassets */; };
		67AD70041F016089007D029D /* LaunchScreen.storyboard in Resources */ = {isa = PBXBuildFile; fileRef = 67AD70021F016089007D029D /* LaunchScreen.storyboard */; };
		67C20BC01F01912D00568087 /* Constants.swift in Sources */ = {isa = PBXBuildFile; fileRef = 67C20BBF1F01912D00568087 /* Constants.swift */; };
/* End PBXBuildFile section */

/* Begin PBXCopyFilesBuildPhase section */
		67C20BCB1F02A9E600568087 /* Embed Frameworks */ = {
			isa = PBXCopyFilesBuildPhase;
			buildActionMask = 2147483647;
			dstPath = "";
			dstSubfolderSpec = 10;
			files = (
			);
			name = "Embed Frameworks";
			runOnlyForDeploymentPostprocessing = 0;
		};
/* End PBXCopyFilesBuildPhase section */

/* Begin PBXFileReference section */
		0DAF1B7B0418F00F4B1A4E6D /* libPods-Wall-E.a */ = {isa = PBXFileReference; explicitFileType = archive.ar; includeInIndex = 0; path = "libPods-Wall-E.a"; sourceTree = BUILT_PRODUCTS_DIR; };
		67AD6FF61F016089007D029D /* Wall-E.app */ = {isa = PBXFileReference; explicitFileType = wrapper.application; includeInIndex = 0; path = "Wall-E.app"; sourceTree = BUILT_PRODUCTS_DIR; };
		67AD6FF91F016089007D029D /* AppDelegate.swift */ = {isa = PBXFileReference; lastKnownFileType = sourcecode.swift; path = AppDelegate.swift; sourceTree = "<group>"; };
		67AD6FFB1F016089007D029D /* ViewController.swift */ = {isa = PBXFileReference; lastKnownFileType = sourcecode.swift; path = ViewController.swift; sourceTree = "<group>"; };
		67AD6FFE1F016089007D029D /* Base */ = {isa = PBXFileReference; lastKnownFileType = file.storyboard; name = Base; path = Base.lproj/Main.storyboard; sourceTree = "<group>"; };
		67AD70001F016089007D029D /* Assets.xcassets */ = {isa = PBXFileReference; lastKnownFileType = folder.assetcatalog; path = Assets.xcassets; sourceTree = "<group>"; };
		67AD70031F016089007D029D /* Base */ = {isa = PBXFileReference; lastKnownFileType = file.storyboard; name = Base; path = Base.lproj/LaunchScreen.storyboard; sourceTree = "<group>"; };
		67AD70051F016089007D029D /* Info.plist */ = {isa = PBXFileReference; lastKnownFileType = text.plist.xml; path = Info.plist; sourceTree = "<group>"; };
		67C20BBB1F01662000568087 /* Wall-E-Bridging-Header.h */ = {isa = PBXFileReference; lastKnownFileType = sourcecode.c.h; path = "Wall-E-Bridging-Header.h"; sourceTree = "<group>"; };
		67C20BBF1F01912D00568087 /* Constants.swift */ = {isa = PBXFileReference; fileEncoding = 4; lastKnownFileType = sourcecode.swift; path = Constants.swift; sourceTree = "<group>"; };
		8792ACA1FB25586754043198 /* Pods-Wall-E.debug.xcconfig */ = {isa = PBXFileReference; includeInIndex = 1; lastKnownFileType = text.xcconfig; name = "Pods-Wall-E.debug.xcconfig"; path = "Pods/Target Support Files/Pods-Wall-E/Pods-Wall-E.debug.xcconfig"; sourceTree = "<group>"; };
		D65C98BBDA695F4342F82B77 /* Pods-Wall-E.release.xcconfig */ = {isa = PBXFileReference; includeInIndex = 1; lastKnownFileType = text.xcconfig; name = "Pods-Wall-E.release.xcconfig"; path = "Pods/Target Support Files/Pods-Wall-E/Pods-Wall-E.release.xcconfig"; sourceTree = "<group>"; };
/* End PBXFileReference section */

/* Begin PBXFrameworksBuildPhase section */
		67AD6FF31F016089007D029D /* Frameworks */ = {
			isa = PBXFrameworksBuildPhase;
			buildActionMask = 2147483647;
			files = (
				222D4D361F22F14C52311392 /* libPods-Wall-E.a in Frameworks */,
			);
			runOnlyForDeploymentPostprocessing = 0;
		};
/* End PBXFrameworksBuildPhase section */

/* Begin PBXGroup section */
		41E5A4F7BA1B4B414DF010B4 /* Pods */ = {
			isa = PBXGroup;
			children = (
				8792ACA1FB25586754043198 /* Pods-Wall-E.debug.xcconfig */,
				D65C98BBDA695F4342F82B77 /* Pods-Wall-E.release.xcconfig */,
			);
			name = Pods;
			sourceTree = "<group>";
		};
		59D3713EFD08D5D7130782D1 /* Frameworks */ = {
			isa = PBXGroup;
			children = (
				0DAF1B7B0418F00F4B1A4E6D /* libPods-Wall-E.a */,
			);
			name = Frameworks;
			sourceTree = "<group>";
		};
		67AD6FED1F016089007D029D = {
			isa = PBXGroup;
			children = (
				67AD6FF81F016089007D029D /* Wall-E */,
				67AD6FF71F016089007D029D /* Products */,
				41E5A4F7BA1B4B414DF010B4 /* Pods */,
				59D3713EFD08D5D7130782D1 /* Frameworks */,
			);
			sourceTree = "<group>";
		};
		67AD6FF71F016089007D029D /* Products */ = {
			isa = PBXGroup;
			children = (
				67AD6FF61F016089007D029D /* Wall-E.app */,
			);
			name = Products;
			sourceTree = "<group>";
		};
		67AD6FF81F016089007D029D /* Wall-E */ = {
			isa = PBXGroup;
			children = (
				67AD6FF91F016089007D029D /* AppDelegate.swift */,
				67AD6FFB1F016089007D029D /* ViewController.swift */,
				67AD6FFD1F016089007D029D /* Main.storyboard */,
				67AD70001F016089007D029D /* Assets.xcassets */,
				67AD70021F016089007D029D /* LaunchScreen.storyboard */,
				67AD70051F016089007D029D /* Info.plist */,
				67C20BBB1F01662000568087 /* Wall-E-Bridging-Header.h */,
				67C20BBF1F01912D00568087 /* Constants.swift */,
			);
			path = "Wall-E";
			sourceTree = "<group>";
		};
/* End PBXGroup section */

/* Begin PBXNativeTarget section */
		67AD6FF51F016089007D029D /* Wall-E */ = {
			isa = PBXNativeTarget;
			buildConfigurationList = 67AD70081F016089007D029D /* Build configuration list for PBXNativeTarget "Wall-E" */;
			buildPhases = (
				D99A3AEAA91C9B81458B44AF /* [CP] Check Pods Manifest.lock */,
				67AD6FF21F016089007D029D /* Sources */,
				67AD6FF31F016089007D029D /* Frameworks */,
				67AD6FF41F016089007D029D /* Resources */,
				3127B4AE66129198941E7109 /* [CP] Embed Pods Frameworks */,
				2708717A670EBA88F17B08F9 /* [CP] Copy Pods Resources */,
				67C20BCB1F02A9E600568087 /* Embed Frameworks */,
			);
			buildRules = (
			);
			dependencies = (
			);
			name = "Wall-E";
			productName = "Wall-E";
			productReference = 67AD6FF61F016089007D029D /* Wall-E.app */;
			productType = "com.apple.product-type.application";
		};
/* End PBXNativeTarget section */

/* Begin PBXProject section */
		67AD6FEE1F016089007D029D /* Project object */ = {
			isa = PBXProject;
			attributes = {
				LastSwiftUpdateCheck = 0830;
				LastUpgradeCheck = 0830;
				ORGANIZATIONNAME = "Wall-E";
				TargetAttributes = {
					67AD6FF51F016089007D029D = {
						CreatedOnToolsVersion = 8.3.3;
						DevelopmentTeam = NBCYATGB8N;
						LastSwiftMigration = 0830;
						ProvisioningStyle = Automatic;
					};
				};
			};
			buildConfigurationList = 67AD6FF11F016089007D029D /* Build configuration list for PBXProject "Wall-E" */;
			compatibilityVersion = "Xcode 3.2";
			developmentRegion = English;
			hasScannedForEncodings = 0;
			knownRegions = (
				en,
				Base,
			);
			mainGroup = 67AD6FED1F016089007D029D;
			productRefGroup = 67AD6FF71F016089007D029D /* Products */;
			projectDirPath = "";
			projectRoot = "";
			targets = (
				67AD6FF51F016089007D029D /* Wall-E */,
			);
		};
/* End PBXProject section */

/* Begin PBXResourcesBuildPhase section */
		67AD6FF41F016089007D029D /* Resources */ = {
			isa = PBXResourcesBuildPhase;
			buildActionMask = 2147483647;
			files = (
				67AD70041F016089007D029D /* LaunchScreen.storyboard in Resources */,
				67AD70011F016089007D029D /* Assets.xcassets in Resources */,
				67AD6FFF1F016089007D029D /* Main.storyboard in Resources */,
			);
			runOnlyForDeploymentPostprocessing = 0;
		};
/* End PBXResourcesBuildPhase section */

/* Begin PBXShellScriptBuildPhase section */
		2708717A670EBA88F17B08F9 /* [CP] Copy Pods Resources */ = {
			isa = PBXShellScriptBuildPhase;
			buildActionMask = 2147483647;
			files = (
			);
			inputPaths = (
			);
			name = "[CP] Copy Pods Resources";
			outputPaths = (
			);
			runOnlyForDeploymentPostprocessing = 0;
			shellPath = /bin/sh;
			shellScript = "\"${SRCROOT}/Pods/Target Support Files/Pods-Wall-E/Pods-Wall-E-resources.sh\"\n";
			showEnvVarsInLog = 0;
		};
		3127B4AE66129198941E7109 /* [CP] Embed Pods Frameworks */ = {
			isa = PBXShellScriptBuildPhase;
			buildActionMask = 2147483647;
			files = (
			);
			inputPaths = (
			);
			name = "[CP] Embed Pods Frameworks";
			outputPaths = (
			);
			runOnlyForDeploymentPostprocessing = 0;
			shellPath = /bin/sh;
			shellScript = "\"${SRCROOT}/Pods/Target Support Files/Pods-Wall-E/Pods-Wall-E-frameworks.sh\"\n";
			showEnvVarsInLog = 0;
		};
		D99A3AEAA91C9B81458B44AF /* [CP] Check Pods Manifest.lock */ = {
			isa = PBXShellScriptBuildPhase;
			buildActionMask = 2147483647;
			files = (
			);
			inputPaths = (
			);
			name = "[CP] Check Pods Manifest.lock";
			outputPaths = (
			);
			runOnlyForDeploymentPostprocessing = 0;
			shellPath = /bin/sh;
			shellScript = "diff \"${PODS_PODFILE_DIR_PATH}/Podfile.lock\" \"${PODS_ROOT}/Manifest.lock\" > /dev/null\nif [ $? != 0 ] ; then\n    # print error to STDERR\n    echo \"error: The sandbox is not in sync with the Podfile.lock. Run 'pod install' or update your CocoaPods installation.\" >&2\n    exit 1\nfi\n";
			showEnvVarsInLog = 0;
		};
/* End PBXShellScriptBuildPhase section */

/* Begin PBXSourcesBuildPhase section */
		67AD6FF21F016089007D029D /* Sources */ = {
			isa = PBXSourcesBuildPhase;
			buildActionMask = 2147483647;
			files = (
				67AD6FFC1F016089007D029D /* ViewController.swift in Sources */,
				67AD6FFA1F016089007D029D /* AppDelegate.swift in Sources */,
				67C20BC01F01912D00568087 /* Constants.swift in Sources */,
			);
			runOnlyForDeploymentPostprocessing = 0;
		};
/* End PBXSourcesBuildPhase section */

/* Begin PBXVariantGroup section */
		67AD6FFD1F016089007D029D /* Main.storyboard */ = {
			isa = PBXVariantGroup;
			children = (
				67AD6FFE1F016089007D029D /* Base */,
			);
			name = Main.storyboard;
			sourceTree = "<group>";
		};
		67AD70021F016089007D029D /* LaunchScreen.storyboard */ = {
			isa = PBXVariantGroup;
			children = (
				67AD70031F016089007D029D /* Base */,
			);
			name = LaunchScreen.storyboard;
			sourceTree = "<group>";
		};
/* End PBXVariantGroup section */

/* Begin XCBuildConfiguration section */
		67AD70061F016089007D029D /* Debug */ = {
			isa = XCBuildConfiguration;
			buildSettings = {
				ALWAYS_SEARCH_USER_PATHS = NO;
				CLANG_ANALYZER_NONNULL = YES;
				CLANG_ANALYZER_NUMBER_OBJECT_CONVERSION = YES_AGGRESSIVE;
				CLANG_CXX_LANGUAGE_STANDARD = "gnu++0x";
				CLANG_CXX_LIBRARY = "libc++";
				CLANG_ENABLE_MODULES = YES;
				CLANG_ENABLE_OBJC_ARC = YES;
				CLANG_WARN_BOOL_CONVERSION = YES;
				CLANG_WARN_CONSTANT_CONVERSION = YES;
				CLANG_WARN_DIRECT_OBJC_ISA_USAGE = YES_ERROR;
				CLANG_WARN_DOCUMENTATION_COMMENTS = YES;
				CLANG_WARN_EMPTY_BODY = YES;
				CLANG_WARN_ENUM_CONVERSION = YES;
				CLANG_WARN_INFINITE_RECURSION = YES;
				CLANG_WARN_INT_CONVERSION = YES;
				CLANG_WARN_OBJC_ROOT_CLASS = YES_ERROR;
				CLANG_WARN_SUSPICIOUS_MOVE = YES;
				CLANG_WARN_UNREACHABLE_CODE = YES;
				CLANG_WARN__DUPLICATE_METHOD_MATCH = YES;
				"CODE_SIGN_IDENTITY[sdk=iphoneos*]" = "iPhone Developer";
				COPY_PHASE_STRIP = NO;
				DEBUG_INFORMATION_FORMAT = dwarf;
				ENABLE_STRICT_OBJC_MSGSEND = YES;
				ENABLE_TESTABILITY = YES;
				GCC_C_LANGUAGE_STANDARD = gnu99;
				GCC_DYNAMIC_NO_PIC = NO;
				GCC_NO_COMMON_BLOCKS = YES;
				GCC_OPTIMIZATION_LEVEL = 0;
				GCC_PREPROCESSOR_DEFINITIONS = (
					"DEBUG=1",
					"$(inherited)",
				);
				GCC_WARN_64_TO_32_BIT_CONVERSION = YES;
				GCC_WARN_ABOUT_RETURN_TYPE = YES_ERROR;
				GCC_WARN_UNDECLARED_SELECTOR = YES;
				GCC_WARN_UNINITIALIZED_AUTOS = YES_AGGRESSIVE;
				GCC_WARN_UNUSED_FUNCTION = YES;
				GCC_WARN_UNUSED_VARIABLE = YES;
				IPHONEOS_DEPLOYMENT_TARGET = 10.3;
				MTL_ENABLE_DEBUG_INFO = YES;
				ONLY_ACTIVE_ARCH = YES;
				SDKROOT = iphoneos;
				SWIFT_ACTIVE_COMPILATION_CONDITIONS = DEBUG;
				SWIFT_OPTIMIZATION_LEVEL = "-Onone";
				TARGETED_DEVICE_FAMILY = "1,2";
			};
			name = Debug;
		};
		67AD70071F016089007D029D /* Release */ = {
			isa = XCBuildConfiguration;
			buildSettings = {
				ALWAYS_SEARCH_USER_PATHS = NO;
				CLANG_ANALYZER_NONNULL = YES;
				CLANG_ANALYZER_NUMBER_OBJECT_CONVERSION = YES_AGGRESSIVE;
				CLANG_CXX_LANGUAGE_STANDARD = "gnu++0x";
				CLANG_CXX_LIBRARY = "libc++";
				CLANG_ENABLE_MODULES = YES;
				CLANG_ENABLE_OBJC_ARC = YES;
				CLANG_WARN_BOOL_CONVERSION = YES;
				CLANG_WARN_CONSTANT_CONVERSION = YES;
				CLANG_WARN_DIRECT_OBJC_ISA_USAGE = YES_ERROR;
				CLANG_WARN_DOCUMENTATION_COMMENTS = YES;
				CLANG_WARN_EMPTY_BODY = YES;
				CLANG_WARN_ENUM_CONVERSION = YES;
				CLANG_WARN_INFINITE_RECURSION = YES;
				CLANG_WARN_INT_CONVERSION = YES;
				CLANG_WARN_OBJC_ROOT_CLASS = YES_ERROR;
				CLANG_WARN_SUSPICIOUS_MOVE = YES;
				CLANG_WARN_UNREACHABLE_CODE = YES;
				CLANG_WARN__DUPLICATE_METHOD_MATCH = YES;
				"CODE_SIGN_IDENTITY[sdk=iphoneos*]" = "iPhone Developer";
				COPY_PHASE_STRIP = NO;
				DEBUG_INFORMATION_FORMAT = "dwarf-with-dsym";
				ENABLE_NS_ASSERTIONS = NO;
				ENABLE_STRICT_OBJC_MSGSEND = YES;
				GCC_C_LANGUAGE_STANDARD = gnu99;
				GCC_NO_COMMON_BLOCKS = YES;
				GCC_WARN_64_TO_32_BIT_CONVERSION = YES;
				GCC_WARN_ABOUT_RETURN_TYPE = YES_ERROR;
				GCC_WARN_UNDECLARED_SELECTOR = YES;
				GCC_WARN_UNINITIALIZED_AUTOS = YES_AGGRESSIVE;
				GCC_WARN_UNUSED_FUNCTION = YES;
				GCC_WARN_UNUSED_VARIABLE = YES;
				IPHONEOS_DEPLOYMENT_TARGET = 10.3;
				MTL_ENABLE_DEBUG_INFO = NO;
				SDKROOT = iphoneos;
				SWIFT_OPTIMIZATION_LEVEL = "-Owholemodule";
				TARGETED_DEVICE_FAMILY = "1,2";
				VALIDATE_PRODUCT = YES;
			};
			name = Release;
		};
		67AD70091F016089007D029D /* Debug */ = {
			isa = XCBuildConfiguration;
			baseConfigurationReference = 8792ACA1FB25586754043198 /* Pods-Wall-E.debug.xcconfig */;
			buildSettings = {
				ASSETCATALOG_COMPILER_APPICON_NAME = AppIcon;
				CLANG_ENABLE_MODULES = YES;
				"CODE_SIGN_IDENTITY[sdk=iphoneos*]" = "iPhone Developer";
				DEVELOPMENT_TEAM = NBCYATGB8N;
				FRAMEWORK_SEARCH_PATHS = (
					"$(inherited)",
					"$(PROJECT_DIR)/Wall-E/Sdk/Aws",
					"$(PROJECT_DIR)",
				);
				INFOPLIST_FILE = "Wall-E/Info.plist";
				IPHONEOS_DEPLOYMENT_TARGET = 10.0;
				LD_RUNPATH_SEARCH_PATHS = "$(inherited) @executable_path/Frameworks";
				PRODUCT_BUNDLE_IDENTIFIER = "com.walle.Wall-E";
				PRODUCT_NAME = "$(TARGET_NAME)";
				PROVISIONING_PROFILE_SPECIFIER = "";
				SWIFT_OBJC_BRIDGING_HEADER = "Wall-E/Wall-E-Bridging-Header.h";
				SWIFT_OPTIMIZATION_LEVEL = "-Onone";
				SWIFT_VERSION = 3.0;
				TARGETED_DEVICE_FAMILY = 1;
			};
			name = Debug;
		};
		67AD700A1F016089007D029D /* Release */ = {
			isa = XCBuildConfiguration;
			baseConfigurationReference = D65C98BBDA695F4342F82B77 /* Pods-Wall-E.release.xcconfig */;
			buildSettings = {
				ASSETCATALOG_COMPILER_APPICON_NAME = AppIcon;
				CLANG_ENABLE_MODULES = YES;
				"CODE_SIGN_IDENTITY[sdk=iphoneos*]" = "iPhone Developer";
				DEVELOPMENT_TEAM = NBCYATGB8N;
				FRAMEWORK_SEARCH_PATHS = (
					"$(inherited)",
					"$(PROJECT_DIR)/Wall-E/Sdk/Aws",
					"$(PROJECT_DIR)",
				);
				INFOPLIST_FILE = "Wall-E/Info.plist";
				IPHONEOS_DEPLOYMENT_TARGET = 10.0;
				LD_RUNPATH_SEARCH_PATHS = "$(inherited) @executable_path/Frameworks";
				PRODUCT_BUNDLE_IDENTIFIER = "com.walle.Wall-E";
				PRODUCT_NAME = "$(TARGET_NAME)";
				PROVISIONING_PROFILE_SPECIFIER = "";
				SWIFT_OBJC_BRIDGING_HEADER = "Wall-E/Wall-E-Bridging-Header.h";
				SWIFT_VERSION = 3.0;
				TARGETED_DEVICE_FAMILY = 1;
			};
			name = Release;
		};
/* End XCBuildConfiguration section */

/* Begin XCConfigurationList section */
		67AD6FF11F016089007D029D /* Build configuration list for PBXProject "Wall-E" */ = {
			isa = XCConfigurationList;
			buildConfigurations = (
				67AD70061F016089007D029D /* Debug */,
				67AD70071F016089007D029D /* Release */,
			);
			defaultConfigurationIsVisible = 0;
			defaultConfigurationName = Release;
		};
		67AD70081F016089007D029D /* Build configuration list for PBXNativeTarget "Wall-E" */ = {
			isa = XCConfigurationList;
			buildConfigurations = (
				67AD70091F016089007D029D /* Debug */,
				67AD700A1F016089007D029D /* Release */,
			);
			defaultConfigurationIsVisible = 0;
			defaultConfigurationName = Release;
		};
/* End XCConfigurationList section */
	};
	rootObject = 67AD6FEE1F016089007D029D /* Project object */;
}
